
Microsoft Visual Studio Solution File, Format Version 12.00
# Visual Studio Version 16
VisualStudioVersion = 16.0.31112.23
MinimumVisualStudioVersion = 10.0.40219.1
Project("{8BC9CEB8-8B4A-11D0-8D11-00A0C91BC942}") = "GA_OTSU", "GA_OTSU\GA_OTSU.vcxproj", "{70AC4B31-5B7E-47F9-BCF7-C497DAAC27DB}"
EndProject
Project("{8BC9CEB8-8B4A-11D0-8D11-00A0C91BC942}") = "OTSU_MULTH", "OTSU_MULTH\OTSU_MULTH.vcxproj", "{270421D7-C196-4960-933E-337A56923CD6}"
EndProject
Global
	GlobalSection(SolutionConfigurationPlatforms) = preSolution
		Debug|x64 = Debug|x64
		Debug|x86 = Debug|x86
		Release|x64 = Release|x64
		Release|x86 = Release|x86
	EndGlobalSection
	GlobalSection(ProjectConfigurationPlatforms) = postSolution
		{70AC4B31-5B7E-47F9-BCF7-C497DAAC27DB}.Debug|x64.ActiveCfg = Debug|x64
		{70AC4B31-5B7E-47F9-BCF7-C497DAAC27DB}.Debug|x64.Build.0 = Debug|x64
		{70AC4B31-5B7E-47F9-BCF7-C497DAAC27DB}.Debug|x86.ActiveCfg = Debug|Win32
		{70AC4B31-5B7E-47F9-BCF7-C497DAAC27DB}.Debug|x86.Build.0 = Debug|Win32
		{70AC4B31-5B7E-47F9-BCF7-C497DAAC27DB}.Release|x64.ActiveCfg = Release|x64
		{70AC4B31-5B7E-47F9-BCF7-C497DAAC27DB}.Release|x64.Build.0 = Release|x64
		{70AC4B31-5B7E-47F9-BCF7-C497DAAC27DB}.Release|x86.ActiveCfg = Release|Win32
		{70AC4B31-5B7E-47F9-BCF7-C497DAAC27DB}.Release|x86.Build.0 = Release|Win32
		{270421D7-C196-4960-933E-337A56923CD6}.Debug|x64.ActiveCfg = Debug|x64
		{270421D7-C196-4960-933E-337A56923CD6}.Debug|x64.Build.0 = Debug|x64
		{270421D7-C196-4960-933E-337A56923CD6}.Debug|x86.ActiveCfg = Debug|Win32
		{270421D7-C196-4960-933E-337A56923CD6}.Debug|x86.Build.0 = Debug|Win32
		{270421D7-C196-4960-933E-337A56923CD6}.Release|x64.ActiveCfg = Release|x64
		{270421D7-C196-4960-933E-337A56923CD6}.Release|x64.Build.0 = Release|x64
		{270421D7-C196-4960-933E-337A56923CD6}.Release|x86.ActiveCfg = Release|Win32
		{270421D7-C196-4960-933E-337A56923CD6}.Release|x86.Build.0 = Release|Win32
	EndGlobalSection
	GlobalSection(SolutionProperties) = preSolution
		HideSolutionNode = FALSE
	EndGlobalSection
	GlobalSection(ExtensibilityGlobals) = postSolution
		SolutionGuid = {984FE4A1-2CAA-488A-9DCF-715205931916}
	EndGlobalSection
EndGlobal
